Microsoft Visual Studio Solution File, Format Version 12.00
# Visual Studio Version 16
VisualStudioVersion = 16.0.30114.105
MinimumVisualStudioVersion = 10.0.40219.1
Project("{9A19103F-16F7-4668-BE54-9A1E7A4F7556}") = "Cats", "Cats\Cats.csproj", "{AB521E06-B253-404F-BDF9-276FAC56FF2C}"
EndProject
Project("{FAE04EC0-301F-11D3-BF4B-00C04F79EFBC}") = "CatsTests", "CatsTests\CatsTests.csproj", "{0D8F6A54-B3E0-4396-87BD-E341CC9A6F2A}"
EndProject
Global
	GlobalSection(SolutionConfigurationPlatforms) = preSolution
		Debug|Any CPU = Debug|Any CPU
		Release|Any CPU = Release|Any CPU
	EndGlobalSection
	GlobalSection(ProjectConfigurationPlatforms) = postSolution
		{AB521E06-B253-404F-BDF9-276FAC56FF2C}.Debug|Any CPU.ActiveCfg = Debug|Any CPU
		{AB521E06-B253-404F-BDF9-276FAC56FF2C}.Debug|Any CPU.Build.0 = Debug|Any CPU
		{AB521E06-B253-404F-BDF9-276FAC56FF2C}.Release|Any CPU.ActiveCfg = Release|Any CPU
		{AB521E06-B253-404F-BDF9-276FAC56FF2C}.Release|Any CPU.Build.0 = Release|Any CPU
		{0D8F6A54-B3E0-4396-87BD-E341CC9A6F2A}.Debug|Any CPU.ActiveCfg = Debug|Any CPU
		{0D8F6A54-B3E0-4396-87BD-E341CC9A6F2A}.Debug|Any CPU.Build.0 = Debug|Any CPU
		{0D8F6A54-B3E0-4396-87BD-E341CC9A6F2A}.Release|Any CPU.ActiveCfg = Release|Any CPU
		{0D8F6A54-B3E0-4396-87BD-E341CC9A6F2A}.Release|Any CPU.Build.0 = Release|Any CPU
	EndGlobalSection
	GlobalSection(SolutionProperties) = preSolution
		HideSolutionNode = FALSE
	EndGlobalSection
	GlobalSection(ExtensibilityGlobals) = postSolution
		SolutionGuid = {AECDA9B2-3730-4071-B16F-6414C72B84D6}
	EndGlobalSection
EndGlobal
